
Microsoft Visual Studio Solution File, Format Version 12.00
# Visual Studio Version 17
VisualStudioVersion = 17.8.34309.116
MinimumVisualStudioVersion = 10.0.40219.1
Project("{FAE04EC0-301F-11D3-BF4B-00C04F79EFBC}") = "PrimerPrograma", "PrimerPrograma\PrimerPrograma.csproj", "{BE8F1551-0CC8-447A-B9B8-C890E332FC2D}"
EndProject
Global
	GlobalSection(SolutionConfigurationPlatforms) = preSolution
		Debug|Any CPU = Debug|Any CPU
		Release|Any CPU = Release|Any CPU
	EndGlobalSection
	GlobalSection(ProjectConfigurationPlatforms) = postSolution
		{BE8F1551-0CC8-447A-B9B8-C890E332FC2D}.Debug|Any CPU.ActiveCfg = Debug|Any CPU
		{BE8F1551-0CC8-447A-B9B8-C890E332FC2D}.Debug|Any CPU.Build.0 = Debug|Any CPU
		{BE8F1551-0CC8-447A-B9B8-C890E332FC2D}.Release|Any CPU.ActiveCfg = Release|Any CPU
		{BE8F1551-0CC8-447A-B9B8-C890E332FC2D}.Release|Any CPU.Build.0 = Release|Any CPU
	EndGlobalSection
	GlobalSection(SolutionProperties) = preSolution
		HideSolutionNode = FALSE
	EndGlobalSection
	GlobalSection(ExtensibilityGlobals) = postSolution
		SolutionGuid = {85D98C9E-95A9-4F93-94E3-4EAD6E09B897}
	EndGlobalSection
EndGlobal
